
Microsoft Visual Studio Solution File, Format Version 12.00
# Visual Studio Version 17
VisualStudioVersion = 17.2.32210.308
MinimumVisualStudioVersion = 10.0.40219.1
Project("{FAE04EC0-301F-11D3-BF4B-00C04F79EFBC}") = "LaboratorAPI", "LaboratorAPI\LaboratorAPI.csproj", "{288ADFBF-8273-460E-9600-0AAF0F0D3E40}"
EndProject
Global
	GlobalSection(SolutionConfigurationPlatforms) = preSolution
		Debug|Any CPU = Debug|Any CPU
		Release|Any CPU = Release|Any CPU
	EndGlobalSection
	GlobalSection(ProjectConfigurationPlatforms) = postSolution
		{288ADFBF-8273-460E-9600-0AAF0F0D3E40}.Debug|Any CPU.ActiveCfg = Debug|Any CPU
		{288ADFBF-8273-460E-9600-0AAF0F0D3E40}.Debug|Any CPU.Build.0 = Debug|Any CPU
		{288ADFBF-8273-460E-9600-0AAF0F0D3E40}.Release|Any CPU.ActiveCfg = Release|Any CPU
		{288ADFBF-8273-460E-9600-0AAF0F0D3E40}.Release|Any CPU.Build.0 = Release|Any CPU
	EndGlobalSection
	GlobalSection(SolutionProperties) = preSolution
		HideSolutionNode = FALSE
	EndGlobalSection
	GlobalSection(ExtensibilityGlobals) = postSolution
		SolutionGuid = {54F57CC5-8787-492D-A62E-70635C20F2B4}
	EndGlobalSection
EndGlobal
